{
  "version": 4,
  "terraform_version": "1.12.2",
  "serial": 1,
  "lineage": "453d38d4-4b0c-d922-76a8-dd8ac321563b",
  "outputs": {},
  "resources": [
    {
      "mode": "managed",
      "type": "docker_image",
      "name": "nginx",
      "provider": "provider[\"registry.terraform.io/kreuzwerker/docker\"]",
      "instances": [
        {
          "schema_version": 0,
          "attributes": {
            "build": [],
            "force_remove": null,
            "id": "sha256:9a9a9fd723f1d2ba52b914ece050f298eec04ef490a9065c52805e46779c4c43nginx:latest",
            "image_id": "sha256:9a9a9fd723f1d2ba52b914ece050f298eec04ef490a9065c52805e46779c4c43",
            "keep_locally": false,
            "name": "nginx:latest",
            "platform": null,
            "pull_triggers": null,
            "repo_digest": "nginx@sha256:dc53c8f25a10f9109190ed5b59bda2d707a3bde0e45857ce9e1efaa32ff9cbc1",
            "triggers": null
          },
          "sensitive_attributes": [],
          "identity_schema_version": 0,
          "private": "bnVsbA=="
        }
      ]
    }
  ],
  "check_results": null
}
